{
  "name": "minesweepah",
  "lockfileVersion": 3,
  "requires": true,
  "packages": {
    "": {
      "dependencies": {
        "@uidotdev/usehooks": "^2.4.1-experimental.1",
        "react": "^0.0.0-experimental-6cb4322d-20260729",
        "react-dom": "^0.0.0-experimental-6cb4322d-20260729"
      }
    },
    "node_modules/@uidotdev/usehooks": {
      "version": "2.4.1-experimental.1",
      "resolved": "https://registry.npmjs.org/@uidotdev/usehooks/-/usehooks-2.4.1-experimental.1.tgz",
      "integrity": "sha512-rcDUGS2Cpw6fTkdvYAytK+ej2nW0/ZNTAVvN9Eyj1Fu5XshsZPjnstDCDjkO/J6w7W9cwPWPoj4q4iiYW2seZA==",
      "engines": {
        "node": ">=16"
      },
      "peerDependencies": {
        "react": "0.0.0-experimental-bfb9cbd8c-20230223",
        "react-dom": "0.0.0-experimental-bfb9cbd8c-20230223"
      }
    },
    "node_modules/react": {
      "version": "0.0.0-experimental-6cb4322d-20260729",
      "resolved": "https://registry.npmjs.org/react/-/react-0.0.0-experimental-6cb4322d-20260729.tgz",
      "integrity": "sha512-3lfnpK7iEcxPYua0ErTi7tZk4Eqh44n4wuRE/sapdvPF/YM31pU8YC7TWRhfiOfcz1hABeFzfwgDwfOO3UdXPQ==",
      "engines": {
        "node": ">=0.10.0"
      }
    },
    "node_modules/react-dom": {
      "version": "0.0.0-experimental-6cb4322d-20260729",
      "resolved": "https://registry.npmjs.org/react-dom/-/react-dom-0.0.0-experimental-6cb4322d-20260729.tgz",
      "integrity": "sha512-sR+wsf5/Sxlafpzw5pVSrJS97gUpceFbMdObCZUNWeC84brF9EiriFsRUigSveF/o5US7FIpM+ygp4BEuBWUdw==",
      "dependencies": {
        "scheduler": "0.0.0-experimental-6cb4322d-20260729"
      },
      "peerDependencies": {
        "react": "0.0.0-experimental-6cb4322d-20260729"
      }
    },
    "node_modules/scheduler": {
      "version": "0.0.0-experimental-6cb4322d-20260729",
      "resolved": "https://registry.npmjs.org/scheduler/-/scheduler-0.0.0-experimental-6cb4322d-20260729.tgz",
      "integrity": "sha512-jcu6KEZyW1MyG9qrm4mD0/KP0pocIvtcLin7mJZ1KDv78dA0THUYpXaEFuEycID/ik/ufyF0huxaeG+YQ0paLQ=="
    }
  }
}
